
Microsoft Visual Studio Solution File, Format Version 12.00
# Visual Studio Version 17
VisualStudioVersion = 17.14.36616.10 d17.14
MinimumVisualStudioVersion = 10.0.40219.1
Project("{FAE04EC0-301F-11D3-BF4B-00C04F79EFBC}") = "erp_net_razor", "erp_net_blazor\erp_net_razor.csproj", "{7701F210-0E29-46FE-B681-E3A7F112C146}"
EndProject
Global
	GlobalSection(SolutionConfigurationPlatforms) = preSolution
		Debug|Any CPU = Debug|Any CPU
		Release|Any CPU = Release|Any CPU
	EndGlobalSection
	GlobalSection(ProjectConfigurationPlatforms) = postSolution
		{7701F210-0E29-46FE-B681-E3A7F112C146}.Debug|Any CPU.ActiveCfg = Debug|Any CPU
		{7701F210-0E29-46FE-B681-E3A7F112C146}.Debug|Any CPU.Build.0 = Debug|Any CPU
		{7701F210-0E29-46FE-B681-E3A7F112C146}.Release|Any CPU.ActiveCfg = Release|Any CPU
		{7701F210-0E29-46FE-B681-E3A7F112C146}.Release|Any CPU.Build.0 = Release|Any CPU
	EndGlobalSection
	GlobalSection(SolutionProperties) = preSolution
		HideSolutionNode = FALSE
	EndGlobalSection
	GlobalSection(ExtensibilityGlobals) = postSolution
		SolutionGuid = {01D117CC-F409-45DD-85B8-DFC92AFD01D5}
	EndGlobalSection
EndGlobal
